github.com/mikeschinkel/go-dt v0.2.0 h1:aOriV+WmqsmU8ZvMysdz3VgFHLpekmFsdZz0YXQCT/Y=
github.com/mikeschinkel/go-dt v0.2.0/go.mod h1:KJYRXePwYdBr57WhtRgDagOb7Ih/ORxE/kG4Mg6c8iE=
github.com/mikeschinkel/go-dt/appinfo v0.0.0-20251118022100-99eddebdac2c h1:lfPiKRqkR2hhF2h3rcVQKhnWiB6GWvnIL5554fBUiy8=
github.com/mikeschinkel/go-dt/appinfo v0.0.0-20251118022100-99eddebdac2c/go.mod h1:FaxWlQIc7nYhBOeSkeWOR7D8Qct81JOq3Ud3yeQzToI=
